// !$*UTF8*$!
{
	archiveVersion = 1;
	classes = {
	};
	objectVersion = 46;
	objects = {

/* Begin PBXBuildFile section */
		E514A4981980E7F100D7F490 /* DRHAudioPlayer.h in Headers */ = {isa = PBXBuildFile; fileRef = E514A4961980E7F100D7F490 /* DRHAudioPlayer.h */; settings = {ATTRIBUTES = (Public, ); }; };
		E514A4991980E7F100D7F490 /* DRHAudioPlayer.m in Sources */ = {isa = PBXBuildFile; fileRef = E514A4971980E7F100D7F490 /* DRHAudioPlayer.m */; };
		E524F2B3197629B80001BBE9 /* DRHVerticalSpacingChartView.h in Headers */ = {isa = PBXBuildFile; fileRef = E524F2B1197629B80001BBE9 /* DRHVerticalSpacingChartView.h */; settings = {ATTRIBUTES = (Public, ); }; };
		E524F2B4197629B80001BBE9 /* DRHVerticalSpacingChartView.m in Sources */ = {isa = PBXBuildFile; fileRef = E524F2B2197629B80001BBE9 /* DRHVerticalSpacingChartView.m */; };
		E524F2B7197657E10001BBE9 /* DRHChartView.h in Headers */ = {isa = PBXBuildFile; fileRef = E524F2B5197657E10001BBE9 /* DRHChartView.h */; settings = {ATTRIBUTES = (Public, ); }; };
		E524F2B8197657E10001BBE9 /* DRHChartView.m in Sources */ = {isa = PBXBuildFile; fileRef = E524F2B6197657E10001BBE9 /* DRHChartView.m */; };
		E534BAF9196BBD2800BB9C8A /* DRHRulerChartView.h in Headers */ = {isa = PBXBuildFile; fileRef = E534BAF7196BBD2800BB9C8A /* DRHRulerChartView.h */; settings = {ATTRIBUTES = (Public, ); }; };
		E534BAFA196BBD2800BB9C8A /* DRHRulerChartView.m in Sources */ = {isa = PBXBuildFile; fileRef = E534BAF8196BBD2800BB9C8A /* DRHRulerChartView.m */; };
		E540991C18FE4141001CBB30 /* DRHMeasureExperimentDocument.h in Headers */ = {isa = PBXBuildFile; fileRef = E540991A18FE4141001CBB30 /* DRHMeasureExperimentDocument.h */; settings = {ATTRIBUTES = (Public, ); }; };
		E540991D18FE4141001CBB30 /* DRHMeasureExperimentDocument.m in Sources */ = {isa = PBXBuildFile; fileRef = E540991B18FE4141001CBB30 /* DRHMeasureExperimentDocument.m */; };
		E540991E18FE416E001CBB30 /* LabBot.h in Headers */ = {isa = PBXBuildFile; fileRef = E540991918FE407A001CBB30 /* LabBot.h */; settings = {ATTRIBUTES = (Public, ); }; };
		E541FC7919A5BA3600FD9252 /* DRHFileDate.h in Headers */ = {isa = PBXBuildFile; fileRef = E541FC7719A5BA3600FD9252 /* DRHFileDate.h */; settings = {ATTRIBUTES = (Public, ); }; };
		E541FC7A19A5BA3600FD9252 /* DRHFileDate.m in Sources */ = {isa = PBXBuildFile; fileRef = E541FC7819A5BA3600FD9252 /* DRHFileDate.m */; };
		E55AE27418F7C65700FDD48E /* DRHInstructionView.h in Headers */ = {isa = PBXBuildFile; fileRef = E55AE27218F7C65700FDD48E /* DRHInstructionView.h */; settings = {ATTRIBUTES = (Public, ); }; };
		E55AE27518F7C65700FDD48E /* DRHInstructionView.m in Sources */ = {isa = PBXBuildFile; fileRef = E55AE27318F7C65700FDD48E /* DRHInstructionView.m */; };
		E5776B8A1925E41700F1A064 /* DRHBlankImage.h in Headers */ = {isa = PBXBuildFile; fileRef = E5776B881925E41700F1A064 /* DRHBlankImage.h */; settings = {ATTRIBUTES = (Public, ); }; };
		E5776B8B1925E41700F1A064 /* DRHBlankImage.m in Sources */ = {isa = PBXBuildFile; fileRef = E5776B891925E41700F1A064 /* DRHBlankImage.m */; };
		E578A5C61998554100D6B190 /* DRHDataMatrix.h in Headers */ = {isa = PBXBuildFile; fileRef = E578A5C41998554100D6B190 /* DRHDataMatrix.h */; settings = {ATTRIBUTES = (Public, ); }; };
		E578A5C71998554100D6B190 /* DRHDataMatrix.m in Sources */ = {isa = PBXBuildFile; fileRef = E578A5C51998554100D6B190 /* DRHDataMatrix.m */; };
		E578A60D199867D200D6B190 /* DRHDataColumn.h in Headers */ = {isa = PBXBuildFile; fileRef = E578A60B199867D200D6B190 /* DRHDataColumn.h */; settings = {ATTRIBUTES = (Public, ); }; };
		E578A60E199867D200D6B190 /* DRHDataColumn.m in Sources */ = {isa = PBXBuildFile; fileRef = E578A60C199867D200D6B190 /* DRHDataColumn.m */; };
		E578A6161998753D00D6B190 /* DRHExperimentData.h in Headers */ = {isa = PBXBuildFile; fileRef = E578A6141998753D00D6B190 /* DRHExperimentData.h */; settings = {ATTRIBUTES = (Public, ); }; };
		E578A6171998753D00D6B190 /* DRHExperimentData.m in Sources */ = {isa = PBXBuildFile; fileRef = E578A6151998753D00D6B190 /* DRHExperimentData.m */; };
		E579301518F7A32800F012B7 /* DRHExperiment.h in Headers */ = {isa = PBXBuildFile; fileRef = E579300418F7A32800F012B7 /* DRHExperiment.h */; settings = {ATTRIBUTES = (Public, ); }; };
		E579301618F7A32800F012B7 /* DRHExperiment.m in Sources */ = {isa = PBXBuildFile; fileRef = E579300518F7A32800F012B7 /* DRHExperiment.m */; };
		E579301718F7A32800F012B7 /* DRHExperimentController.h in Headers */ = {isa = PBXBuildFile; fileRef = E579300618F7A32800F012B7 /* DRHExperimentController.h */; settings = {ATTRIBUTES = (Public, ); }; };
		E579301818F7A32800F012B7 /* DRHExperimentController.m in Sources */ = {isa = PBXBuildFile; fileRef = E579300718F7A32800F012B7 /* DRHExperimentController.m */; };
		E579301918F7A32800F012B7 /* DRHExperimentDocument.h in Headers */ = {isa = PBXBuildFile; fileRef = E579300818F7A32800F012B7 /* DRHExperimentDocument.h */; settings = {ATTRIBUTES = (Public, ); }; };
		E579301A18F7A32800F012B7 /* DRHExperimentDocument.m in Sources */ = {isa = PBXBuildFile; fileRef = E579300918F7A32800F012B7 /* DRHExperimentDocument.m */; };
		E579301C18F7A32800F012B7 /* DRHExperimenterWindowController.h in Headers */ = {isa = PBXBuildFile; fileRef = E579300B18F7A32800F012B7 /* DRHExperimenterWindowController.h */; settings = {ATTRIBUTES = (Public, ); }; };
		E579301D18F7A32800F012B7 /* DRHExperimenterWindowController.m in Sources */ = {isa = PBXBuildFile; fileRef = E579300C18F7A32800F012B7 /* DRHExperimenterWindowController.m */; };
		E579301E18F7A32800F012B7 /* DRHInitExperimentWindow.xib in Resources */ = {isa = PBXBuildFile; fileRef = E579300D18F7A32800F012B7 /* DRHInitExperimentWindow.xib */; };
		E579301F18F7A32800F012B7 /* DRHInitExperimentWindowController.h in Headers */ = {isa = PBXBuildFile; fileRef = E579300E18F7A32800F012B7 /* DRHInitExperimentWindowController.h */; settings = {ATTRIBUTES = (Public, ); }; };
		E579302018F7A32800F012B7 /* DRHInitExperimentWindowController.m in Sources */ = {isa = PBXBuildFile; fileRef = E579300F18F7A32800F012B7 /* DRHInitExperimentWindowController.m */; };
		E579302118F7A32800F012B7 /* DRHStillCamera.h in Headers */ = {isa = PBXBuildFile; fileRef = E579301018F7A32800F012B7 /* DRHStillCamera.h */; settings = {ATTRIBUTES = (Public, ); }; };
		E579302218F7A32800F012B7 /* DRHStillCamera.m in Sources */ = {isa = PBXBuildFile; fileRef = E579301118F7A32800F012B7 /* DRHStillCamera.m */; };
		E579302418F7A32800F012B7 /* DRHSubjectWindowController.h in Headers */ = {isa = PBXBuildFile; fileRef = E579301318F7A32800F012B7 /* DRHSubjectWindowController.h */; settings = {ATTRIBUTES = (Public, ); }; };
		E579302518F7A32800F012B7 /* DRHSubjectWindowController.m in Sources */ = {isa = PBXBuildFile; fileRef = E579301418F7A32800F012B7 /* DRHSubjectWindowController.m */; };
		E59C4C9218FB921900C24E6E /* DRHTrialMatrix.h in Headers */ = {isa = PBXBuildFile; fileRef = E59C4C9018FB921900C24E6E /* DRHTrialMatrix.h */; settings = {ATTRIBUTES = (Public, ); }; };
		E59C4C9318FB921900C24E6E /* DRHTrialMatrix.m in Sources */ = {isa = PBXBuildFile; fileRef = E59C4C9118FB921900C24E6E /* DRHTrialMatrix.m */; };
		E5C8977018F52A4300335057 /* Cocoa.framework in Frameworks */ = {isa = PBXBuildFile; fileRef = E5C8976F18F52A4300335057 /* Cocoa.framework */; };
		E5C8977A18F52A4300335057 /* InfoPlist.strings in Resources */ = {isa = PBXBuildFile; fileRef = E5C8977818F52A4300335057 /* InfoPlist.strings */; };
		E5C8978518F52A4300335057 /* XCTest.framework in Frameworks */ = {isa = PBXBuildFile; fileRef = E5C8978418F52A4300335057 /* XCTest.framework */; };
		E5C8978618F52A4300335057 /* Cocoa.framework in Frameworks */ = {isa = PBXBuildFile; fileRef = E5C8976F18F52A4300335057 /* Cocoa.framework */; };
		E5C8978918F52A4300335057 /* LabBot.framework in Frameworks */ = {isa = PBXBuildFile; fileRef = E5C8976C18F52A4300335057 /* LabBot.framework */; };
		E5C8978F18F52A4300335057 /* InfoPlist.strings in Resources */ = {isa = PBXBuildFile; fileRef = E5C8978D18F52A4300335057 /* InfoPlist.strings */; };
		E5C8979118F52A4300335057 /* LabBotTests.m in Sources */ = {isa = PBXBuildFile; fileRef = E5C8979018F52A4300335057 /* LabBotTests.m */; };
		E5C897BD18F52A7B00335057 /* LabBot.framework in CopyFiles */ = {isa = PBXBuildFile; fileRef = E5C8976C18F52A4300335057 /* LabBot.framework */; };
		E5D4F0B319063A440091B4AE /* To do.rtf in Resources */ = {isa = PBXBuildFile; fileRef = E5D4F0B219063A440091B4AE /* To do.rtf */; };
		E5DDCCC3197F7F8E00F06528 /* DRHTrialArray.h in Headers */ = {isa = PBXBuildFile; fileRef = E5DDCCC1197F7F8E00F06528 /* DRHTrialArray.h */; settings = {ATTRIBUTES = (Public, ); }; };
		E5DDCCC4197F7F8E00F06528 /* DRHTrialArray.m in Sources */ = {isa = PBXBuildFile; fileRef = E5DDCCC2197F7F8E00F06528 /* DRHTrialArray.m */; };
		E5E6562618FE4A0000727834 /* DRHLandmarkData.h in Headers */ = {isa = PBXBuildFile; fileRef = E5E6562418FE4A0000727834 /* DRHLandmarkData.h */; settings = {ATTRIBUTES = (Public, ); }; };
		E5E6562718FE4A0000727834 /* DRHLandmarkData.m in Sources */ = {isa = PBXBuildFile; fileRef = E5E6562518FE4A0000727834 /* DRHLandmarkData.m */; };
/* End PBXBuildFile section */

/* Begin PBXContainerItemProxy section */
		E5C8978718F52A4300335057 /* PBXContainerItemProxy */ = {
			isa = PBXContainerItemProxy;
			containerPortal = E5C8976318F52A4300335057 /* Project object */;
			proxyType = 1;
			remoteGlobalIDString = E5C8976B18F52A4300335057;
			remoteInfo = LabBot;
		};
/* End PBXContainerItemProxy section */

/* Begin PBXCopyFilesBuildPhase section */
		E5C897BC18F52A6A00335057 /* CopyFiles */ = {
			isa = PBXCopyFilesBuildPhase;
			buildActionMask = 2147483647;
			dstPath = "~/Library/Frameworks";
			dstSubfolderSpec = 0;
			files = (
				E5C897BD18F52A7B00335057 /* LabBot.framework in CopyFiles */,
			);
			runOnlyForDeploymentPostprocessing = 0;
		};
/* End PBXCopyFilesBuildPhase section */

/* Begin PBXFileReference section */
		E514A4961980E7F100D7F490 /* DRHAudioPlayer.h */ = {isa = PBXFileReference; fileEncoding = 4; lastKnownFileType = sourcecode.c.h; path = DRHAudioPlayer.h; sourceTree = "<group>"; };
		E514A4971980E7F100D7F490 /* DRHAudioPlayer.m */ = {isa = PBXFileReference; fileEncoding = 4; lastKnownFileType = sourcecode.c.objc; path = DRHAudioPlayer.m; sourceTree = "<group>"; };
		E524F2B1197629B80001BBE9 /* DRHVerticalSpacingChartView.h */ = {isa = PBXFileReference; fileEncoding = 4; lastKnownFileType = sourcecode.c.h; path = DRHVerticalSpacingChartView.h; sourceTree = "<group>"; };
		E524F2B2197629B80001BBE9 /* DRHVerticalSpacingChartView.m */ = {isa = PBXFileReference; fileEncoding = 4; lastKnownFileType = sourcecode.c.objc; path = DRHVerticalSpacingChartView.m; sourceTree = "<group>"; };
		E524F2B5197657E10001BBE9 /* DRHChartView.h */ = {isa = PBXFileReference; fileEncoding = 4; lastKnownFileType = sourcecode.c.h; path = DRHChartView.h; sourceTree = "<group>"; };
		E524F2B6197657E10001BBE9 /* DRHChartView.m */ = {isa = PBXFileReference; fileEncoding = 4; lastKnownFileType = sourcecode.c.objc; path = DRHChartView.m; sourceTree = "<group>"; };
		E534BAF7196BBD2800BB9C8A /* DRHRulerChartView.h */ = {isa = PBXFileReference; fileEncoding = 4; lastKnownFileType = sourcecode.c.h; path = DRHRulerChartView.h; sourceTree = "<group>"; };
		E534BAF8196BBD2800BB9C8A /* DRHRulerChartView.m */ = {isa = PBXFileReference; fileEncoding = 4; lastKnownFileType = sourcecode.c.objc; path = DRHRulerChartView.m; sourceTree = "<group>"; };
		E540991918FE407A001CBB30 /* LabBot.h */ = {isa = PBXFileReference; lastKnownFileType = sourcecode.c.h; path = LabBot.h; sourceTree = "<group>"; };
		E540991A18FE4141001CBB30 /* DRHMeasureExperimentDocument.h */ = {isa = PBXFileReference; fileEncoding = 4; lastKnownFileType = sourcecode.c.h; path = DRHMeasureExperimentDocument.h; sourceTree = "<group>"; };
		E540991B18FE4141001CBB30 /* DRHMeasureExperimentDocument.m */ = {isa = PBXFileReference; fileEncoding = 4; lastKnownFileType = sourcecode.c.objc; path = DRHMeasureExperimentDocument.m; sourceTree = "<group>"; };
		E541FC7719A5BA3600FD9252 /* DRHFileDate.h */ = {isa = PBXFileReference; fileEncoding = 4; lastKnownFileType = sourcecode.c.h; path = DRHFileDate.h; sourceTree = "<group>"; };
		E541FC7819A5BA3600FD9252 /* DRHFileDate.m */ = {isa = PBXFileReference; fileEncoding = 4; lastKnownFileType = sourcecode.c.objc; path = DRHFileDate.m; sourceTree = "<group>"; };
		E55AE27218F7C65700FDD48E /* DRHInstructionView.h */ = {isa = PBXFileReference; fileEncoding = 4; lastKnownFileType = sourcecode.c.h; path = DRHInstructionView.h; sourceTree = "<group>"; };
		E55AE27318F7C65700FDD48E /* DRHInstructionView.m */ = {isa = PBXFileReference; fileEncoding = 4; lastKnownFileType = sourcecode.c.objc; path = DRHInstructionView.m; sourceTree = "<group>"; };
		E5776B881925E41700F1A064 /* DRHBlankImage.h */ = {isa = PBXFileReference; fileEncoding = 4; lastKnownFileType = sourcecode.c.h; path = DRHBlankImage.h; sourceTree = "<group>"; };
		E5776B891925E41700F1A064 /* DRHBlankImage.m */ = {isa = PBXFileReference; fileEncoding = 4; lastKnownFileType = sourcecode.c.objc; path = DRHBlankImage.m; sourceTree = "<group>"; };
		E578A5C41998554100D6B190 /* DRHDataMatrix.h */ = {isa = PBXFileReference; fileEncoding = 4; lastKnownFileType = sourcecode.c.h; path = DRHDataMatrix.h; sourceTree = "<group>"; };
		E578A5C51998554100D6B190 /* DRHDataMatrix.m */ = {isa = PBXFileReference; fileEncoding = 4; lastKnownFileType = sourcecode.c.objc; path = DRHDataMatrix.m; sourceTree = "<group>"; };
		E578A60B199867D200D6B190 /* DRHDataColumn.h */ = {isa = PBXFileReference; fileEncoding = 4; lastKnownFileType = sourcecode.c.h; path = DRHDataColumn.h; sourceTree = "<group>"; };
		E578A60C199867D200D6B190 /* DRHDataColumn.m */ = {isa = PBXFileReference; fileEncoding = 4; lastKnownFileType = sourcecode.c.objc; path = DRHDataColumn.m; sourceTree = "<group>"; };
		E578A6141998753D00D6B190 /* DRHExperimentData.h */ = {isa = PBXFileReference; fileEncoding = 4; lastKnownFileType = sourcecode.c.h; path = DRHExperimentData.h; sourceTree = "<group>"; };
		E578A6151998753D00D6B190 /* DRHExperimentData.m */ = {isa = PBXFileReference; fileEncoding = 4; lastKnownFileType = sourcecode.c.objc; path = DRHExperimentData.m; sourceTree = "<group>"; };
		E579300418F7A32800F012B7 /* DRHExperiment.h */ = {isa = PBXFileReference; fileEncoding = 4; lastKnownFileType = sourcecode.c.h; path = DRHExperiment.h; sourceTree = "<group>"; };
		E579300518F7A32800F012B7 /* DRHExperiment.m */ = {isa = PBXFileReference; fileEncoding = 4; lastKnownFileType = sourcecode.c.objc; path = DRHExperiment.m; sourceTree = "<group>"; };
		E579300618F7A32800F012B7 /* DRHExperimentController.h */ = {isa = PBXFileReference; fileEncoding = 4; lastKnownFileType = sourcecode.c.h; path = DRHExperimentController.h; sourceTree = "<group>"; };
		E579300718F7A32800F012B7 /* DRHExperimentController.m */ = {isa = PBXFileReference; fileEncoding = 4; lastKnownFileType = sourcecode.c.objc; path = DRHExperimentController.m; sourceTree = "<group>"; };
		E579300818F7A32800F012B7 /* DRHExperimentDocument.h */ = {isa = PBXFileReference; fileEncoding = 4; lastKnownFileType = sourcecode.c.h; path = DRHExperimentDocument.h; sourceTree = "<group>"; };
		E579300918F7A32800F012B7 /* DRHExperimentDocument.m */ = {isa = PBXFileReference; fileEncoding = 4; lastKnownFileType = sourcecode.c.objc; path = DRHExperimentDocument.m; sourceTree = "<group>"; };
		E579300B18F7A32800F012B7 /* DRHExperimenterWindowController.h */ = {isa = PBXFileReference; fileEncoding = 4; lastKnownFileType = sourcecode.c.h; path = DRHExperimenterWindowController.h; sourceTree = "<group>"; };
		E579300C18F7A32800F012B7 /* DRHExperimenterWindowController.m */ = {isa = PBXFileReference; fileEncoding = 4; lastKnownFileType = sourcecode.c.objc; path = DRHExperimenterWindowController.m; sourceTree = "<group>"; };
		E579300D18F7A32800F012B7 /* DRHInitExperimentWindow.xib */ = {isa = PBXFileReference; fileEncoding = 4; lastKnownFileType = file.xib; path = DRHInitExperimentWindow.xib; sourceTree = "<group>"; };
		E579300E18F7A32800F012B7 /* DRHInitExperimentWindowController.h */ = {isa = PBXFileReference; fileEncoding = 4; lastKnownFileType = sourcecode.c.h; path = DRHInitExperimentWindowController.h; sourceTree = "<group>"; };
		E579300F18F7A32800F012B7 /* DRHInitExperimentWindowController.m */ = {isa = PBXFileReference; fileEncoding = 4; lastKnownFileType = sourcecode.c.objc; path = DRHInitExperimentWindowController.m; sourceTree = "<group>"; };
		E579301018F7A32800F012B7 /* DRHStillCamera.h */ = {isa = PBXFileReference; fileEncoding = 4; lastKnownFileType = sourcecode.c.h; path = DRHStillCamera.h; sourceTree = "<group>"; };
		E579301118F7A32800F012B7 /* DRHStillCamera.m */ = {isa = PBXFileReference; fileEncoding = 4; lastKnownFileType = sourcecode.c.objc; path = DRHStillCamera.m; sourceTree = "<group>"; };
		E579301318F7A32800F012B7 /* DRHSubjectWindowController.h */ = {isa = PBXFileReference; fileEncoding = 4; lastKnownFileType = sourcecode.c.h; path = DRHSubjectWindowController.h; sourceTree = "<group>"; };
		E579301418F7A32800F012B7 /* DRHSubjectWindowController.m */ = {isa = PBXFileReference; fileEncoding = 4; lastKnownFileType = sourcecode.c.objc; path = DRHSubjectWindowController.m; sourceTree = "<group>"; };
		E59C4C9018FB921900C24E6E /* DRHTrialMatrix.h */ = {isa = PBXFileReference; fileEncoding = 4; lastKnownFileType = sourcecode.c.h; path = DRHTrialMatrix.h; sourceTree = "<group>"; };
		E59C4C9118FB921900C24E6E /* DRHTrialMatrix.m */ = {isa = PBXFileReference; fileEncoding = 4; lastKnownFileType = sourcecode.c.objc; path = DRHTrialMatrix.m; sourceTree = "<group>"; };
		E5C8976C18F52A4300335057 /* LabBot.framework */ = {isa = PBXFileReference; explicitFileType = wrapper.framework; includeInIndex = 0; path = LabBot.framework; sourceTree = BUILT_PRODUCTS_DIR; };
		E5C8976F18F52A4300335057 /* Cocoa.framework */ = {isa = PBXFileReference; lastKnownFileType = wrapper.framework; name = Cocoa.framework; path = System/Library/Frameworks/Cocoa.framework; sourceTree = SDKROOT; };
		E5C8977218F52A4300335057 /* Foundation.framework */ = {isa = PBXFileReference; lastKnownFileType = wrapper.framework; name = Foundation.framework; path = System/Library/Frameworks/Foundation.framework; sourceTree = SDKROOT; };
		E5C8977318F52A4300335057 /* CoreData.framework */ = {isa = PBXFileReference; lastKnownFileType = wrapper.framework; name = CoreData.framework; path = System/Library/Frameworks/CoreData.framework; sourceTree = SDKROOT; };
		E5C8977418F52A4300335057 /* AppKit.framework */ = {isa = PBXFileReference; lastKnownFileType = wrapper.framework; name = AppKit.framework; path = System/Library/Frameworks/AppKit.framework; sourceTree = SDKROOT; };
		E5C8977718F52A4300335057 /* LabBot-Info.plist */ = {isa = PBXFileReference; lastKnownFileType = text.plist.xml; path = "LabBot-Info.plist"; sourceTree = "<group>"; };
		E5C8977918F52A4300335057 /* en */ = {isa = PBXFileReference; lastKnownFileType = text.plist.strings; name = en; path = en.lproj/InfoPlist.strings; sourceTree = "<group>"; };
		E5C8977B18F52A4300335057 /* LabBot-Prefix.pch */ = {isa = PBXFileReference; lastKnownFileType = sourcecode.c.h; path = "LabBot-Prefix.pch"; sourceTree = "<group>"; };
		E5C8978318F52A4300335057 /* LabBotTests.xctest */ = {isa = PBXFileReference; explicitFileType = wrapper.cfbundle; includeInIndex = 0; path = LabBotTests.xctest; sourceTree = BUILT_PRODUCTS_DIR; };
		E5C8978418F52A4300335057 /* XCTest.framework */ = {isa = PBXFileReference; lastKnownFileType = wrapper.framework; name = XCTest.framework; path = Library/Frameworks/XCTest.framework; sourceTree = DEVELOPER_DIR; };
		E5C8978C18F52A4300335057 /* LabBotTests-Info.plist */ = {isa = PBXFileReference; lastKnownFileType = text.plist.xml; path = "LabBotTests-Info.plist"; sourceTree = "<group>"; };
		E5C8978E18F52A4300335057 /* en */ = {isa = PBXFileReference; lastKnownFileType = text.plist.strings; name = en; path = en.lproj/InfoPlist.strings; sourceTree = "<group>"; };
		E5C8979018F52A4300335057 /* LabBotTests.m */ = {isa = PBXFileReference; lastKnownFileType = sourcecode.c.objc; path = LabBotTests.m; sourceTree = "<group>"; };
		E5D4F0B219063A440091B4AE /* To do.rtf */ = {isa = PBXFileReference; fileEncoding = 4; lastKnownFileType = text.rtf; path = "To do.rtf"; sourceTree = "<group>"; };
		E5DDCCC1197F7F8E00F06528 /* DRHTrialArray.h */ = {isa = PBXFileReference; fileEncoding = 4; lastKnownFileType = sourcecode.c.h; path = DRHTrialArray.h; sourceTree = "<group>"; };
		E5DDCCC2197F7F8E00F06528 /* DRHTrialArray.m */ = {isa = PBXFileReference; fileEncoding = 4; lastKnownFileType = sourcecode.c.objc; path = DRHTrialArray.m; sourceTree = "<group>"; };
		E5E6562418FE4A0000727834 /* DRHLandmarkData.h */ = {isa = PBXFileReference; fileEncoding = 4; lastKnownFileType = sourcecode.c.h; path = DRHLandmarkData.h; sourceTree = "<group>"; };
		E5E6562518FE4A0000727834 /* DRHLandmarkData.m */ = {isa = PBXFileReference; fileEncoding = 4; lastKnownFileType = sourcecode.c.objc; path = DRHLandmarkData.m; sourceTree = "<group>"; };
/* End PBXFileReference section */

/* Begin PBXFrameworksBuildPhase section */
		E5C8976818F52A4300335057 /* Frameworks */ = {
			isa = PBXFrameworksBuildPhase;
			buildActionMask = 2147483647;
			files = (
				E5C8977018F52A4300335057 /* Cocoa.framework in Frameworks */,
			);
			runOnlyForDeploymentPostprocessing = 0;
		};
		E5C8978018F52A4300335057 /* Frameworks */ = {
			isa = PBXFrameworksBuildPhase;
			buildActionMask = 2147483647;
			files = (
				E5C8978918F52A4300335057 /* LabBot.framework in Frameworks */,
				E5C8978618F52A4300335057 /* Cocoa.framework in Frameworks */,
				E5C8978518F52A4300335057 /* XCTest.framework in Frameworks */,
			);
			runOnlyForDeploymentPostprocessing = 0;
		};
/* End PBXFrameworksBuildPhase section */

/* Begin PBXGroup section */
		E55D2F631999940E006EF3D4 /* Deprecated */ = {
			isa = PBXGroup;
			children = (
				E5DDCCC1197F7F8E00F06528 /* DRHTrialArray.h */,
				E5DDCCC2197F7F8E00F06528 /* DRHTrialArray.m */,
				E59C4C9018FB921900C24E6E /* DRHTrialMatrix.h */,
				E59C4C9118FB921900C24E6E /* DRHTrialMatrix.m */,
				E5E6562418FE4A0000727834 /* DRHLandmarkData.h */,
				E5E6562518FE4A0000727834 /* DRHLandmarkData.m */,
				E579300418F7A32800F012B7 /* DRHExperiment.h */,
				E579300518F7A32800F012B7 /* DRHExperiment.m */,
				E579300E18F7A32800F012B7 /* DRHInitExperimentWindowController.h */,
				E579300F18F7A32800F012B7 /* DRHInitExperimentWindowController.m */,
				E579300D18F7A32800F012B7 /* DRHInitExperimentWindow.xib */,
				E540991A18FE4141001CBB30 /* DRHMeasureExperimentDocument.h */,
				E540991B18FE4141001CBB30 /* DRHMeasureExperimentDocument.m */,
			);
			name = Deprecated;
			sourceTree = "<group>";
		};
		E5C8976218F52A4300335057 = {
			isa = PBXGroup;
			children = (
				E5D4F0B219063A440091B4AE /* To do.rtf */,
				E540991918FE407A001CBB30 /* LabBot.h */,
				E578A60B199867D200D6B190 /* DRHDataColumn.h */,
				E578A60C199867D200D6B190 /* DRHDataColumn.m */,
				E578A5C41998554100D6B190 /* DRHDataMatrix.h */,
				E578A5C51998554100D6B190 /* DRHDataMatrix.m */,
				E578A6141998753D00D6B190 /* DRHExperimentData.h */,
				E578A6151998753D00D6B190 /* DRHExperimentData.m */,
				E579300618F7A32800F012B7 /* DRHExperimentController.h */,
				E579300718F7A32800F012B7 /* DRHExperimentController.m */,
				E579300818F7A32800F012B7 /* DRHExperimentDocument.h */,
				E579300918F7A32800F012B7 /* DRHExperimentDocument.m */,
				E579300B18F7A32800F012B7 /* DRHExperimenterWindowController.h */,
				E579300C18F7A32800F012B7 /* DRHExperimenterWindowController.m */,
				E579301318F7A32800F012B7 /* DRHSubjectWindowController.h */,
				E579301418F7A32800F012B7 /* DRHSubjectWindowController.m */,
				E579301018F7A32800F012B7 /* DRHStillCamera.h */,
				E579301118F7A32800F012B7 /* DRHStillCamera.m */,
				E514A4961980E7F100D7F490 /* DRHAudioPlayer.h */,
				E514A4971980E7F100D7F490 /* DRHAudioPlayer.m */,
				E5776B881925E41700F1A064 /* DRHBlankImage.h */,
				E5776B891925E41700F1A064 /* DRHBlankImage.m */,
				E55AE27218F7C65700FDD48E /* DRHInstructionView.h */,
				E55AE27318F7C65700FDD48E /* DRHInstructionView.m */,
				E524F2B5197657E10001BBE9 /* DRHChartView.h */,
				E524F2B6197657E10001BBE9 /* DRHChartView.m */,
				E534BAF7196BBD2800BB9C8A /* DRHRulerChartView.h */,
				E534BAF8196BBD2800BB9C8A /* DRHRulerChartView.m */,
				E524F2B1197629B80001BBE9 /* DRHVerticalSpacingChartView.h */,
				E524F2B2197629B80001BBE9 /* DRHVerticalSpacingChartView.m */,
				E541FC7719A5BA3600FD9252 /* DRHFileDate.h */,
				E541FC7819A5BA3600FD9252 /* DRHFileDate.m */,
				E55D2F631999940E006EF3D4 /* Deprecated */,
				E5C8977518F52A4300335057 /* LabBot */,
				E5C8978A18F52A4300335057 /* LabBotTests */,
				E5C8976E18F52A4300335057 /* Frameworks */,
				E5C8976D18F52A4300335057 /* Products */,
			);
			sourceTree = "<group>";
		};
		E5C8976D18F52A4300335057 /* Products */ = {
			isa = PBXGroup;
			children = (
				E5C8976C18F52A4300335057 /* LabBot.framework */,
				E5C8978318F52A4300335057 /* LabBotTests.xctest */,
			);
			name = Products;
			sourceTree = "<group>";
		};
		E5C8976E18F52A4300335057 /* Frameworks */ = {
			isa = PBXGroup;
			children = (
				E5C8976F18F52A4300335057 /* Cocoa.framework */,
				E5C8978418F52A4300335057 /* XCTest.framework */,
				E5C8977118F52A4300335057 /* Other Frameworks */,
			);
			name = Frameworks;
			sourceTree = "<group>";
		};
		E5C8977118F52A4300335057 /* Other Frameworks */ = {
			isa = PBXGroup;
			children = (
				E5C8977218F52A4300335057 /* Foundation.framework */,
				E5C8977318F52A4300335057 /* CoreData.framework */,
				E5C8977418F52A4300335057 /* AppKit.framework */,
			);
			name = "Other Frameworks";
			sourceTree = "<group>";
		};
		E5C8977518F52A4300335057 /* LabBot */ = {
			isa = PBXGroup;
			children = (
				E5C8977618F52A4300335057 /* Supporting Files */,
			);
			path = LabBot;
			sourceTree = "<group>";
		};
		E5C8977618F52A4300335057 /* Supporting Files */ = {
			isa = PBXGroup;
			children = (
				E5C8977718F52A4300335057 /* LabBot-Info.plist */,
				E5C8977818F52A4300335057 /* InfoPlist.strings */,
				E5C8977B18F52A4300335057 /* LabBot-Prefix.pch */,
			);
			name = "Supporting Files";
			sourceTree = "<group>";
		};
		E5C8978A18F52A4300335057 /* LabBotTests */ = {
			isa = PBXGroup;
			children = (
				E5C8979018F52A4300335057 /* LabBotTests.m */,
				E5C8978B18F52A4300335057 /* Supporting Files */,
			);
			path = LabBotTests;
			sourceTree = "<group>";
		};
		E5C8978B18F52A4300335057 /* Supporting Files */ = {
			isa = PBXGroup;
			children = (
				E5C8978C18F52A4300335057 /* LabBotTests-Info.plist */,
				E5C8978D18F52A4300335057 /* InfoPlist.strings */,
			);
			name = "Supporting Files";
			sourceTree = "<group>";
		};
/* End PBXGroup section */

/* Begin PBXHeadersBuildPhase section */
		E5C8976918F52A4300335057 /* Headers */ = {
			isa = PBXHeadersBuildPhase;
			buildActionMask = 2147483647;
			files = (
				E540991E18FE416E001CBB30 /* LabBot.h in Headers */,
				E5DDCCC3197F7F8E00F06528 /* DRHTrialArray.h in Headers */,
				E578A60D199867D200D6B190 /* DRHDataColumn.h in Headers */,
				E59C4C9218FB921900C24E6E /* DRHTrialMatrix.h in Headers */,
				E578A5C61998554100D6B190 /* DRHDataMatrix.h in Headers */,
				E5E6562618FE4A0000727834 /* DRHLandmarkData.h in Headers */,
				E579301518F7A32800F012B7 /* DRHExperiment.h in Headers */,
				E578A6161998753D00D6B190 /* DRHExperimentData.h in Headers */,
				E579301718F7A32800F012B7 /* DRHExperimentController.h in Headers */,
				E579301918F7A32800F012B7 /* DRHExperimentDocument.h in Headers */,
				E579301C18F7A32800F012B7 /* DRHExperimenterWindowController.h in Headers */,
				E579301F18F7A32800F012B7 /* DRHInitExperimentWindowController.h in Headers */,
				E579302418F7A32800F012B7 /* DRHSubjectWindowController.h in Headers */,
				E5776B8A1925E41700F1A064 /* DRHBlankImage.h in Headers */,
				E55AE27418F7C65700FDD48E /* DRHInstructionView.h in Headers */,
				E514A4981980E7F100D7F490 /* DRHAudioPlayer.h in Headers */,
				E579302118F7A32800F012B7 /* DRHStillCamera.h in Headers */,
				E540991C18FE4141001CBB30 /* DRHMeasureExperimentDocument.h in Headers */,
				E524F2B7197657E10001BBE9 /* DRHChartView.h in Headers */,
				E534BAF9196BBD2800BB9C8A /* DRHRulerChartView.h in Headers */,
				E524F2B3197629B80001BBE9 /* DRHVerticalSpacingChartView.h in Headers */,
				E541FC7919A5BA3600FD9252 /* DRHFileDate.h in Headers */,
			);
			runOnlyForDeploymentPostprocessing = 0;
		};
/* End PBXHeadersBuildPhase section */

/* Begin PBXNativeTarget section */
		E5C8976B18F52A4300335057 /* LabBot */ = {
			isa = PBXNativeTarget;
			buildConfigurationList = E5C8979418F52A4300335057 /* Build configuration list for PBXNativeTarget "LabBot" */;
			buildPhases = (
				E5C8976718F52A4300335057 /* Sources */,
				E5C8976818F52A4300335057 /* Frameworks */,
				E5C8976918F52A4300335057 /* Headers */,
				E5C8976A18F52A4300335057 /* Resources */,
				E5C897BC18F52A6A00335057 /* CopyFiles */,
			);
			buildRules = (
			);
			dependencies = (
			);
			name = LabBot;
			productName = LabBot;
			productReference = E5C8976C18F52A4300335057 /* LabBot.framework */;
			productType = "com.apple.product-type.framework";
		};
		E5C8978218F52A4300335057 /* LabBotTests */ = {
			isa = PBXNativeTarget;
			buildConfigurationList = E5C8979718F52A4300335057 /* Build configuration list for PBXNativeTarget "LabBotTests" */;
			buildPhases = (
				E5C8977F18F52A4300335057 /* Sources */,
				E5C8978018F52A4300335057 /* Frameworks */,
				E5C8978118F52A4300335057 /* Resources */,
			);
			buildRules = (
			);
			dependencies = (
				E5C8978818F52A4300335057 /* PBXTargetDependency */,
			);
			name = LabBotTests;
			productName = LabBotTests;
			productReference = E5C8978318F52A4300335057 /* LabBotTests.xctest */;
			productType = "com.apple.product-type.bundle.unit-test";
		};
/* End PBXNativeTarget section */

/* Begin PBXProject section */
		E5C8976318F52A4300335057 /* Project object */ = {
			isa = PBXProject;
			attributes = {
				LastUpgradeCheck = 0510;
				ORGANIZATIONNAME = "Dead Rubber Hand";
				TargetAttributes = {
					E5C8978218F52A4300335057 = {
						TestTargetID = E5C8976B18F52A4300335057;
					};
				};
			};
			buildConfigurationList = E5C8976618F52A4300335057 /* Build configuration list for PBXProject "LabBot" */;
			compatibilityVersion = "Xcode 3.2";
			developmentRegion = English;
			hasScannedForEncodings = 0;
			knownRegions = (
				en,
			);
			mainGroup = E5C8976218F52A4300335057;
			productRefGroup = E5C8976D18F52A4300335057 /* Products */;
			projectDirPath = "";
			projectRoot = "";
			targets = (
				E5C8976B18F52A4300335057 /* LabBot */,
				E5C8978218F52A4300335057 /* LabBotTests */,
			);
		};
/* End PBXProject section */

/* Begin PBXResourcesBuildPhase section */
		E5C8976A18F52A4300335057 /* Resources */ = {
			isa = PBXResourcesBuildPhase;
			buildActionMask = 2147483647;
			files = (
				E5D4F0B319063A440091B4AE /* To do.rtf in Resources */,
				E579301E18F7A32800F012B7 /* DRHInitExperimentWindow.xib in Resources */,
				E5C8977A18F52A4300335057 /* InfoPlist.strings in Resources */,
			);
			runOnlyForDeploymentPostprocessing = 0;
		};
		E5C8978118F52A4300335057 /* Resources */ = {
			isa = PBXResourcesBuildPhase;
			buildActionMask = 2147483647;
			files = (
				E5C8978F18F52A4300335057 /* InfoPlist.strings in Resources */,
			);
			runOnlyForDeploymentPostprocessing = 0;
		};
/* End PBXResourcesBuildPhase section */

/* Begin PBXSourcesBuildPhase section */
		E5C8976718F52A4300335057 /* Sources */ = {
			isa = PBXSourcesBuildPhase;
			buildActionMask = 2147483647;
			files = (
				E59C4C9318FB921900C24E6E /* DRHTrialMatrix.m in Sources */,
				E514A4991980E7F100D7F490 /* DRHAudioPlayer.m in Sources */,
				E541FC7A19A5BA3600FD9252 /* DRHFileDate.m in Sources */,
				E524F2B4197629B80001BBE9 /* DRHVerticalSpacingChartView.m in Sources */,
				E579302218F7A32800F012B7 /* DRHStillCamera.m in Sources */,
				E5DDCCC4197F7F8E00F06528 /* DRHTrialArray.m in Sources */,
				E579301A18F7A32800F012B7 /* DRHExperimentDocument.m in Sources */,
				E55AE27518F7C65700FDD48E /* DRHInstructionView.m in Sources */,
				E578A6171998753D00D6B190 /* DRHExperimentData.m in Sources */,
				E579301618F7A32800F012B7 /* DRHExperiment.m in Sources */,
				E5776B8B1925E41700F1A064 /* DRHBlankImage.m in Sources */,
				E578A5C71998554100D6B190 /* DRHDataMatrix.m in Sources */,
				E5E6562718FE4A0000727834 /* DRHLandmarkData.m in Sources */,
				E579301D18F7A32800F012B7 /* DRHExperimenterWindowController.m in Sources */,
				E534BAFA196BBD2800BB9C8A /* DRHRulerChartView.m in Sources */,
				E524F2B8197657E10001BBE9 /* DRHChartView.m in Sources */,
				E579301818F7A32800F012B7 /* DRHExperimentController.m in Sources */,
				E540991D18FE4141001CBB30 /* DRHMeasureExperimentDocument.m in Sources */,
				E579302018F7A32800F012B7 /* DRHInitExperimentWindowController.m in Sources */,
				E579302518F7A32800F012B7 /* DRHSubjectWindowController.m in Sources */,
				E578A60E199867D200D6B190 /* DRHDataColumn.m in Sources */,
			);
			runOnlyForDeploymentPostprocessing = 0;
		};
		E5C8977F18F52A4300335057 /* Sources */ = {
			isa = PBXSourcesBuildPhase;
			buildActionMask = 2147483647;
			files = (
				E5C8979118F52A4300335057 /* LabBotTests.m in Sources */,
			);
			runOnlyForDeploymentPostprocessing = 0;
		};
/* End PBXSourcesBuildPhase section */

/* Begin PBXTargetDependency section */
		E5C8978818F52A4300335057 /* PBXTargetDependency */ = {
			isa = PBXTargetDependency;
			target = E5C8976B18F52A4300335057 /* LabBot */;
			targetProxy = E5C8978718F52A4300335057 /* PBXContainerItemProxy */;
		};
/* End PBXTargetDependency section */

/* Begin PBXVariantGroup section */
		E5C8977818F52A4300335057 /* InfoPlist.strings */ = {
			isa = PBXVariantGroup;
			children = (
				E5C8977918F52A4300335057 /* en */,
			);
			name = InfoPlist.strings;
			sourceTree = "<group>";
		};
		E5C8978D18F52A4300335057 /* InfoPlist.strings */ = {
			isa = PBXVariantGroup;
			children = (
				E5C8978E18F52A4300335057 /* en */,
			);
			name = InfoPlist.strings;
			sourceTree = "<group>";
		};
/* End PBXVariantGroup section */

/* Begin XCBuildConfiguration section */
		E5C8979218F52A4300335057 /* Debug */ = {
			isa = XCBuildConfiguration;
			buildSettings = {
				ALWAYS_SEARCH_USER_PATHS = NO;
				CLANG_CXX_LANGUAGE_STANDARD = "gnu++0x";
				CLANG_CXX_LIBRARY = "libc++";
				CLANG_ENABLE_MODULES = YES;
				CLANG_ENABLE_OBJC_ARC = YES;
				CLANG_WARN_BOOL_CONVERSION = YES;
				CLANG_WARN_CONSTANT_CONVERSION = YES;
				CLANG_WARN_DIRECT_OBJC_ISA_USAGE = YES_ERROR;
				CLANG_WARN_EMPTY_BODY = YES;
				CLANG_WARN_ENUM_CONVERSION = YES;
				CLANG_WARN_INT_CONVERSION = YES;
				CLANG_WARN_OBJC_ROOT_CLASS = YES_ERROR;
				CLANG_WARN__DUPLICATE_METHOD_MATCH = YES;
				COPY_PHASE_STRIP = NO;
				GCC_C_LANGUAGE_STANDARD = gnu99;
				GCC_DYNAMIC_NO_PIC = NO;
				GCC_ENABLE_OBJC_EXCEPTIONS = YES;
				GCC_OPTIMIZATION_LEVEL = 0;
				GCC_PREPROCESSOR_DEFINITIONS = (
					"DEBUG=1",
					"$(inherited)",
				);
				GCC_SYMBOLS_PRIVATE_EXTERN = NO;
				GCC_WARN_64_TO_32_BIT_CONVERSION = YES;
				GCC_WARN_ABOUT_RETURN_TYPE = YES_ERROR;
				GCC_WARN_UNDECLARED_SELECTOR = YES;
				GCC_WARN_UNINITIALIZED_AUTOS = YES_AGGRESSIVE;
				GCC_WARN_UNUSED_FUNCTION = YES;
				GCC_WARN_UNUSED_VARIABLE = YES;
				MACOSX_DEPLOYMENT_TARGET = 10.9;
				ONLY_ACTIVE_ARCH = YES;
				SDKROOT = macosx;
			};
			name = Debug;
		};
		E5C8979318F52A4300335057 /* Release */ = {
			isa = XCBuildConfiguration;
			buildSettings = {
				ALWAYS_SEARCH_USER_PATHS = NO;
				CLANG_CXX_LANGUAGE_STANDARD = "gnu++0x";
				CLANG_CXX_LIBRARY = "libc++";
				CLANG_ENABLE_MODULES = YES;
				CLANG_ENABLE_OBJC_ARC = YES;
				CLANG_WARN_BOOL_CONVERSION = YES;
				CLANG_WARN_CONSTANT_CONVERSION = YES;
				CLANG_WARN_DIRECT_OBJC_ISA_USAGE = YES_ERROR;
				CLANG_WARN_EMPTY_BODY = YES;
				CLANG_WARN_ENUM_CONVERSION = YES;
				CLANG_WARN_INT_CONVERSION = YES;
				CLANG_WARN_OBJC_ROOT_CLASS = YES_ERROR;
				CLANG_WARN__DUPLICATE_METHOD_MATCH = YES;
				COPY_PHASE_STRIP = YES;
				DEBUG_INFORMATION_FORMAT = "dwarf-with-dsym";
				ENABLE_NS_ASSERTIONS = NO;
				GCC_C_LANGUAGE_STANDARD = gnu99;
				GCC_ENABLE_OBJC_EXCEPTIONS = YES;
				GCC_WARN_64_TO_32_BIT_CONVERSION = YES;
				GCC_WARN_ABOUT_RETURN_TYPE = YES_ERROR;
				GCC_WARN_UNDECLARED_SELECTOR = YES;
				GCC_WARN_UNINITIALIZED_AUTOS = YES_AGGRESSIVE;
				GCC_WARN_UNUSED_FUNCTION = YES;
				GCC_WARN_UNUSED_VARIABLE = YES;
				MACOSX_DEPLOYMENT_TARGET = 10.9;
				SDKROOT = macosx;
			};
			name = Release;
		};
		E5C8979518F52A4300335057 /* Debug */ = {
			isa = XCBuildConfiguration;
			buildSettings = {
				COMBINE_HIDPI_IMAGES = YES;
				DYLIB_COMPATIBILITY_VERSION = 3;
				DYLIB_CURRENT_VERSION = 3;
				FRAMEWORK_VERSION = A;
				GCC_PRECOMPILE_PREFIX_HEADER = YES;
				GCC_PREFIX_HEADER = "LabBot/LabBot-Prefix.pch";
				INFOPLIST_FILE = "LabBot/LabBot-Info.plist";
				PRODUCT_NAME = "$(TARGET_NAME)";
				WRAPPER_EXTENSION = framework;
			};
			name = Debug;
		};
		E5C8979618F52A4300335057 /* Release */ = {
			isa = XCBuildConfiguration;
			buildSettings = {
				COMBINE_HIDPI_IMAGES = YES;
				DYLIB_COMPATIBILITY_VERSION = 3;
				DYLIB_CURRENT_VERSION = 3;
				FRAMEWORK_VERSION = A;
				GCC_PRECOMPILE_PREFIX_HEADER = YES;
				GCC_PREFIX_HEADER = "LabBot/LabBot-Prefix.pch";
				INFOPLIST_FILE = "LabBot/LabBot-Info.plist";
				PRODUCT_NAME = "$(TARGET_NAME)";
				WRAPPER_EXTENSION = framework;
			};
			name = Release;
		};
		E5C8979818F52A4300335057 /* Debug */ = {
			isa = XCBuildConfiguration;
			buildSettings = {
				BUNDLE_LOADER = "$(BUILT_PRODUCTS_DIR)/LabBot.framework/Versions/A/LabBot";
				COMBINE_HIDPI_IMAGES = YES;
				FRAMEWORK_SEARCH_PATHS = (
					"$(DEVELOPER_FRAMEWORKS_DIR)",
					"$(inherited)",
				);
				GCC_PRECOMPILE_PREFIX_HEADER = YES;
				GCC_PREFIX_HEADER = "LabBot/LabBot-Prefix.pch";
				GCC_PREPROCESSOR_DEFINITIONS = (
					"DEBUG=1",
					"$(inherited)",
				);
				INFOPLIST_FILE = "LabBotTests/LabBotTests-Info.plist";
				PRODUCT_NAME = "$(TARGET_NAME)";
				TEST_HOST = "$(BUNDLE_LOADER)";
				WRAPPER_EXTENSION = xctest;
			};
			name = Debug;
		};
		E5C8979918F52A4300335057 /* Release */ = {
			isa = XCBuildConfiguration;
			buildSettings = {
				BUNDLE_LOADER = "$(BUILT_PRODUCTS_DIR)/LabBot.framework/Versions/A/LabBot";
				COMBINE_HIDPI_IMAGES = YES;
				FRAMEWORK_SEARCH_PATHS = (
					"$(DEVELOPER_FRAMEWORKS_DIR)",
					"$(inherited)",
				);
				GCC_PRECOMPILE_PREFIX_HEADER = YES;
				GCC_PREFIX_HEADER = "LabBot/LabBot-Prefix.pch";
				INFOPLIST_FILE = "LabBotTests/LabBotTests-Info.plist";
				PRODUCT_NAME = "$(TARGET_NAME)";
				TEST_HOST = "$(BUNDLE_LOADER)";
				WRAPPER_EXTENSION = xctest;
			};
			name = Release;
		};
/* End XCBuildConfiguration section */

/* Begin XCConfigurationList section */
		E5C8976618F52A4300335057 /* Build configuration list for PBXProject "LabBot" */ = {
			isa = XCConfigurationList;
			buildConfigurations = (
				E5C8979218F52A4300335057 /* Debug */,
				E5C8979318F52A4300335057 /* Release */,
			);
			defaultConfigurationIsVisible = 0;
			defaultConfigurationName = Release;
		};
		E5C8979418F52A4300335057 /* Build configuration list for PBXNativeTarget "LabBot" */ = {
			isa = XCConfigurationList;
			buildConfigurations = (
				E5C8979518F52A4300335057 /* Debug */,
				E5C8979618F52A4300335057 /* Release */,
			);
			defaultConfigurationIsVisible = 0;
			defaultConfigurationName = Release;
		};
		E5C8979718F52A4300335057 /* Build configuration list for PBXNativeTarget "LabBotTests" */ = {
			isa = XCConfigurationList;
			buildConfigurations = (
				E5C8979818F52A4300335057 /* Debug */,
				E5C8979918F52A4300335057 /* Release */,
			);
			defaultConfigurationIsVisible = 0;
			defaultConfigurationName = Release;
		};
/* End XCConfigurationList section */
	};
	rootObject = E5C8976318F52A4300335057 /* Project object */;
}
